<?xml version="1.0" encoding="utf-8"?>
<Project ToolsVersion="4.0" xmlns="http://schemas.microsoft.com/developer/msbuild/2003">
  <ItemGroup>
    <Filter Include="源文件">
      <UniqueIdentifier>{4FC737F1-C7A5-4376-A066-2A32D752A2FF}</UniqueIdentifier>
      <Extensions>cpp;c;cc;cxx;c++;cppm;ixx;def;odl;idl;hpj;bat;asm;asmx</Extensions>
    </Filter>
    <Filter Include="头文件">
      <UniqueIdentifier>{93995380-89BD-4b04-88EB-625FBE52EBFB}</UniqueIdentifier>
      <Extensions>h;hh;hpp;hxx;h++;hm;inl;inc;ipp;xsd</Extensions>
    </Filter>
    <Filter Include="资源文件">
      <UniqueIdentifier>{67DA6AB6-F800-4c08-8B7A-83BB121AAD01}</UniqueIdentifier>
      <Extensions>rc;ico;cur;bmp;dlg;rc2;rct;bin;rgs;gif;jpg;jpeg;jpe;resx;tiff;tif;png;wav;mfcribbon-ms</Extensions>
    </Filter>
  </ItemGroup>
  <ItemGroup>
    <ClInclude Include="..\..\common\buff_contral.h">
      <Filter>源文件</Filter>
    </ClInclude>
    <ClInclude Include="..\..\common\cas_lock_queue.h">
      <Filter>源文件</Filter>
    </ClInclude>
    <ClInclude Include="..\..\common\ifaddrs.h">
      <Filter>源文件</Filter>
    </ClInclude>
    <ClInclude Include="..\..\common\iothread.h">
      <Filter>源文件</Filter>
    </ClInclude>
    <ClInclude Include="..\..\common\listen_socket.h">
      <Filter>源文件</Filter>
    </ClInclude>
    <ClInclude Include="..\..\common\log_module.h">
      <Filter>源文件</Filter>
    </ClInclude>
    <ClInclude Include="..\..\common\pool.h">
      <Filter>源文件</Filter>
    </ClInclude>
    <ClInclude Include="..\..\common\singleton.h">
      <Filter>源文件</Filter>
    </ClInclude>
    <ClInclude Include="..\..\common\sliding_window.h">
      <Filter>源文件</Filter>
    </ClInclude>
    <ClInclude Include="..\..\common\tcp_connector.h">
      <Filter>源文件</Filter>
    </ClInclude>
    <ClInclude Include="..\..\common\tcp_listener.h">
      <Filter>源文件</Filter>
    </ClInclude>
    <ClInclude Include="..\..\common\thread.h">
      <Filter>源文件</Filter>
    </ClInclude>
    <ClInclude Include="..\..\common\udp_connector.h">
      <Filter>源文件</Filter>
    </ClInclude>
    <ClInclude Include="..\..\common\udp_listener.h">
      <Filter>源文件</Filter>
    </ClInclude>
  </ItemGroup>
  <ItemGroup>
    <ClCompile Include="..\..\common\cas_lock.cpp">
      <Filter>源文件</Filter>
    </ClCompile>
    <ClCompile Include="..\..\common\fxnet_interface.cpp">
      <Filter>源文件</Filter>
    </ClCompile>
    <ClCompile Include="..\..\common\ifaddrs.cpp">
      <Filter>源文件</Filter>
    </ClCompile>
    <ClCompile Include="..\..\common\iothread.cpp">
      <Filter>源文件</Filter>
    </ClCompile>
    <ClCompile Include="..\..\common\log_utility.cpp">
      <Filter>源文件</Filter>
    </ClCompile>
    <ClCompile Include="..\..\common\tcp_connector.cpp">
      <Filter>源文件</Filter>
    </ClCompile>
    <ClCompile Include="..\..\common\tcp_listener.cpp">
      <Filter>源文件</Filter>
    </ClCompile>
    <ClCompile Include="..\..\common\thread.cpp">
      <Filter>源文件</Filter>
    </ClCompile>
    <ClCompile Include="..\..\common\udp_connector.cpp">
      <Filter>源文件</Filter>
    </ClCompile>
    <ClCompile Include="..\..\common\udp_listener.cpp">
      <Filter>源文件</Filter>
    </ClCompile>
    <ClCompile Include="..\..\common\util.cpp">
      <Filter>源文件</Filter>
    </ClCompile>
  </ItemGroup>
</Project>